# This file is automatically @generated by Cargo.
# It is not intended for manual editing.
version = 4

[[package]]
name = "encrypted-age-verification"
version = "0.1.0"

[[package]]
name = "encrypted-genomics"
version = "0.1.0"

[[package]]
name = "encrypted-image-processing"
version = "0.1.0"

[[package]]
name = "encrypted-key-value-store"
version = "0.1.0"

[[package]]
name = "encrypted-leaderboard"
version = "0.1.0"

[[package]]
name = "encrypted-program-execution"
version = "0.1.0"

[[package]]
name = "encrypted-statistics-service"
version = "0.1.0"

[[package]]
name = "encrypted-voting-polling"
version = "0.1.0"

[[package]]
name = "sealed-bid-auction"
version = "0.1.0"
